// !$*UTF8*$!
{
	archiveVersion = 1;
	classes = {
	};
	objectVersion = 50;
	objects = {

/* Begin PBXBuildFile section */
		3FE9C0B524DD4E0E001B8D69 /* AppDelegate.swift in Sources */ = {isa = PBXBuildFile; fileRef = 3FE9C0B424DD4E0E001B8D69 /* AppDelegate.swift */; };
		3FE9C0B724DD4E0E001B8D69 /* SceneDelegate.swift in Sources */ = {isa = PBXBuildFile; fileRef = 3FE9C0B624DD4E0E001B8D69 /* SceneDelegate.swift */; };
		3FE9C0B924DD4E0E001B8D69 /* ViewController.swift in Sources */ = {isa = PBXBuildFile; fileRef = 3FE9C0B824DD4E0E001B8D69 /* ViewController.swift */; };
		3FE9C0BC24DD4E0E001B8D69 /* Main.storyboard in Resources */ = {isa = PBXBuildFile; fileRef = 3FE9C0BA24DD4E0E001B8D69 /* Main.storyboard */; };
		3FE9C0BE24DD4E0F001B8D69 /* Assets.xcassets in Resources */ = {isa = PBXBuildFile; fileRef = 3FE9C0BD24DD4E0F001B8D69 /* Assets.xcassets */; };
		3FE9C0C124DD4E0F001B8D69 /* LaunchScreen.storyboard in Resources */ = {isa = PBXBuildFile; fileRef = 3FE9C0BF24DD4E0F001B8D69 /* LaunchScreen.storyboard */; };
/* End PBXBuildFile section */

/* Begin PBXFileReference section */
		3FE9C0B124DD4E0E001B8D69 /* Milestone-Project4-6.app */ = {isa = PBXFileReference; explicitFileType = wrapper.application; includeInIndex = 0; path = "Milestone-Project4-6.app"; sourceTree = BUILT_PRODUCTS_DIR; };
		3FE9C0B424DD4E0E001B8D69 /* AppDelegate.swift */ = {isa = PBXFileReference; lastKnownFileType = sourcecode.swift; path = AppDelegate.swift; sourceTree = "<group>"; };
		3FE9C0B624DD4E0E001B8D69 /* SceneDelegate.swift */ = {isa = PBXFileReference; lastKnownFileType = sourcecode.swift; path = SceneDelegate.swift; sourceTree = "<group>"; };
		3FE9C0B824DD4E0E001B8D69 /* ViewController.swift */ = {isa = PBXFileReference; lastKnownFileType = sourcecode.swift; path = ViewController.swift; sourceTree = "<group>"; };
		3FE9C0BB24DD4E0E001B8D69 /* Base */ = {isa = PBXFileReference; lastKnownFileType = file.storyboard; name = Base; path = Base.lproj/Main.storyboard; sourceTree = "<group>"; };
		3FE9C0BD24DD4E0F001B8D69 /* Assets.xcassets */ = {isa = PBXFileReference; lastKnownFileType = folder.assetcatalog; path = Assets.xcassets; sourceTree = "<group>"; };
		3FE9C0C024DD4E0F001B8D69 /* Base */ = {isa = PBXFileReference; lastKnownFileType = file.storyboard; name = Base; path = Base.lproj/LaunchScreen.storyboard; sourceTree = "<group>"; };
		3FE9C0C224DD4E0F001B8D69 /* Info.plist */ = {isa = PBXFileReference; lastKnownFileType = text.plist.xml; path = Info.plist; sourceTree = "<group>"; };
/* End PBXFileReference section */

/* Begin PBXFrameworksBuildPhase section */
		3FE9C0AE24DD4E0E001B8D69 /* Frameworks */ = {
			isa = PBXFrameworksBuildPhase;
			buildActionMask = 2147483647;
			files = (
			);
			runOnlyForDeploymentPostprocessing = 0;
		};
/* End PBXFrameworksBuildPhase section */

/* Begin PBXGroup section */
		3FE9C0A824DD4E0E001B8D69 = {
			isa = PBXGroup;
			children = (
				3FE9C0B324DD4E0E001B8D69 /* Milestone-Project4-6 */,
				3FE9C0B224DD4E0E001B8D69 /* Products */,
			);
			sourceTree = "<group>";
		};
		3FE9C0B224DD4E0E001B8D69 /* Products */ = {
			isa = PBXGroup;
			children = (
				3FE9C0B124DD4E0E001B8D69 /* Milestone-Project4-6.app */,
			);
			name = Products;
			sourceTree = "<group>";
		};
		3FE9C0B324DD4E0E001B8D69 /* Milestone-Project4-6 */ = {
			isa = PBXGroup;
			children = (
				3FE9C0B424DD4E0E001B8D69 /* AppDelegate.swift */,
				3FE9C0B624DD4E0E001B8D69 /* SceneDelegate.swift */,
				3FE9C0B824DD4E0E001B8D69 /* ViewController.swift */,
				3FE9C0BA24DD4E0E001B8D69 /* Main.storyboard */,
				3FE9C0BD24DD4E0F001B8D69 /* Assets.xcassets */,
				3FE9C0BF24DD4E0F001B8D69 /* LaunchScreen.storyboard */,
				3FE9C0C224DD4E0F001B8D69 /* Info.plist */,
			);
			path = "Milestone-Project4-6";
			sourceTree = "<group>";
		};
/* End PBXGroup section */

/* Begin PBXNativeTarget section */
		3FE9C0B024DD4E0E001B8D69 /* Milestone-Project4-6 */ = {
			isa = PBXNativeTarget;
			buildConfigurationList = 3FE9C0C524DD4E0F001B8D69 /* Build configuration list for PBXNativeTarget "Milestone-Project4-6" */;
			buildPhases = (
				3FE9C0AD24DD4E0E001B8D69 /* Sources */,
				3FE9C0AE24DD4E0E001B8D69 /* Frameworks */,
				3FE9C0AF24DD4E0E001B8D69 /* Resources */,
			);
			buildRules = (
			);
			dependencies = (
			);
			name = "Milestone-Project4-6";
			productName = "Milestone-Project4-6";
			productReference = 3FE9C0B124DD4E0E001B8D69 /* Milestone-Project4-6.app */;
			productType = "com.apple.product-type.application";
		};
/* End PBXNativeTarget section */

/* Begin PBXProject section */
		3FE9C0A924DD4E0E001B8D69 /* Project object */ = {
			isa = PBXProject;
			attributes = {
				LastSwiftUpdateCheck = 1160;
				LastUpgradeCheck = 1160;
				ORGANIZATIONNAME = "Ayşıl Simge Karacan";
				TargetAttributes = {
					3FE9C0B024DD4E0E001B8D69 = {
						CreatedOnToolsVersion = 11.6;
					};
				};
			};
			buildConfigurationList = 3FE9C0AC24DD4E0E001B8D69 /* Build configuration list for PBXProject "Milestone-Project4-6" */;
			compatibilityVersion = "Xcode 9.3";
			developmentRegion = en;
			hasScannedForEncodings = 0;
			knownRegions = (
				en,
				Base,
			);
			mainGroup = 3FE9C0A824DD4E0E001B8D69;
			productRefGroup = 3FE9C0B224DD4E0E001B8D69 /* Products */;
			projectDirPath = "";
			projectRoot = "";
			targets = (
				3FE9C0B024DD4E0E001B8D69 /* Milestone-Project4-6 */,
			);
		};
/* End PBXProject section */

/* Begin PBXResourcesBuildPhase section */
		3FE9C0AF24DD4E0E001B8D69 /* Resources */ = {
			isa = PBXResourcesBuildPhase;
			buildActionMask = 2147483647;
			files = (
				3FE9C0C124DD4E0F001B8D69 /* LaunchScreen.storyboard in Resources */,
				3FE9C0BE24DD4E0F001B8D69 /* Assets.xcassets in Resources */,
				3FE9C0BC24DD4E0E001B8D69 /* Main.storyboard in Resources */,
			);
			runOnlyForDeploymentPostprocessing = 0;
		};
/* End PBXResourcesBuildPhase section */

/* Begin PBXSourcesBuildPhase section */
		3FE9C0AD24DD4E0E001B8D69 /* Sources */ = {
			isa = PBXSourcesBuildPhase;
			buildActionMask = 2147483647;
			files = (
				3FE9C0B924DD4E0E001B8D69 /* ViewController.swift in Sources */,
				3FE9C0B524DD4E0E001B8D69 /* AppDelegate.swift in Sources */,
				3FE9C0B724DD4E0E001B8D69 /* SceneDelegate.swift in Sources */,
			);
			runOnlyForDeploymentPostprocessing = 0;
		};
/* End PBXSourcesBuildPhase section */

/* Begin PBXVariantGroup section */
		3FE9C0BA24DD4E0E001B8D69 /* Main.storyboard */ = {
			isa = PBXVariantGroup;
			children = (
				3FE9C0BB24DD4E0E001B8D69 /* Base */,
			);
			name = Main.storyboard;
			sourceTree = "<group>";
		};
		3FE9C0BF24DD4E0F001B8D69 /* LaunchScreen.storyboard */ = {
			isa = PBXVariantGroup;
			children = (
				3FE9C0C024DD4E0F001B8D69 /* Base */,
			);
			name = LaunchScreen.storyboard;
			sourceTree = "<group>";
		};
/* End PBXVariantGroup section */

/* Begin XCBuildConfiguration section */
		3FE9C0C324DD4E0F001B8D69 /* Debug */ = {
			isa = XCBuildConfiguration;
			buildSettings = {
				ALWAYS_SEARCH_USER_PATHS = NO;
				CLANG_ANALYZER_NONNULL = YES;
				CLANG_ANALYZER_NUMBER_OBJECT_CONVERSION = YES_AGGRESSIVE;
				CLANG_CXX_LANGUAGE_STANDARD = "gnu++14";
				CLANG_CXX_LIBRARY = "libc++";
				CLANG_ENABLE_MODULES = YES;
				CLANG_ENABLE_OBJC_ARC = YES;
				CLANG_ENABLE_OBJC_WEAK = YES;
				CLANG_WARN_BLOCK_CAPTURE_AUTORELEASING = YES;
				CLANG_WARN_BOOL_CONVERSION = YES;
				CLANG_WARN_COMMA = YES;
				CLANG_WARN_CONSTANT_CONVERSION = YES;
				CLANG_WARN_DEPRECATED_OBJC_IMPLEMENTATIONS = YES;
				CLANG_WARN_DIRECT_OBJC_ISA_USAGE = YES_ERROR;
				CLANG_WARN_DOCUMENTATION_COMMENTS = YES;
				CLANG_WARN_EMPTY_BODY = YES;
				CLANG_WARN_ENUM_CONVERSION = YES;
				CLANG_WARN_INFINITE_RECURSION = YES;
				CLANG_WARN_INT_CONVERSION = YES;
				CLANG_WARN_NON_LITERAL_NULL_CONVERSION = YES;
				CLANG_WARN_OBJC_IMPLICIT_RETAIN_SELF = YES;
				CLANG_WARN_OBJC_LITERAL_CONVERSION = YES;
				CLANG_WARN_OBJC_ROOT_CLASS = YES_ERROR;
				CLANG_WARN_RANGE_LOOP_ANALYSIS = YES;
				CLANG_WARN_STRICT_PROTOTYPES = YES;
				CLANG_WARN_SUSPICIOUS_MOVE = YES;
				CLANG_WARN_UNGUARDED_AVAILABILITY = YES_AGGRESSIVE;
				CLANG_WARN_UNREACHABLE_CODE = YES;
				CLANG_WARN__DUPLICATE_METHOD_MATCH = YES;
				COPY_PHASE_STRIP = NO;
				DEBUG_INFORMATION_FORMAT = dwarf;
				ENABLE_STRICT_OBJC_MSGSEND = YES;
				ENABLE_TESTABILITY = YES;
				GCC_C_LANGUAGE_STANDARD = gnu11;
				GCC_DYNAMIC_NO_PIC = NO;
				GCC_NO_COMMON_BLOCKS = YES;
				GCC_OPTIMIZATION_LEVEL = 0;
				GCC_PREPROCESSOR_DEFINITIONS = (
					"DEBUG=1",
					"$(inherited)",
				);
				GCC_WARN_64_TO_32_BIT_CONVERSION = YES;
				GCC_WARN_ABOUT_RETURN_TYPE = YES_ERROR;
				GCC_WARN_UNDECLARED_SELECTOR = YES;
				GCC_WARN_UNINITIALIZED_AUTOS = YES_AGGRESSIVE;
				GCC_WARN_UNUSED_FUNCTION = YES;
				GCC_WARN_UNUSED_VARIABLE = YES;
				IPHONEOS_DEPLOYMENT_TARGET = 13.6;
				MTL_ENABLE_DEBUG_INFO = INCLUDE_SOURCE;
				MTL_FAST_MATH = YES;
				ONLY_ACTIVE_ARCH = YES;
				SDKROOT = iphoneos;
				SWIFT_ACTIVE_COMPILATION_CONDITIONS = DEBUG;
				SWIFT_OPTIMIZATION_LEVEL = "-Onone";
			};
			name = Debug;
		};
		3FE9C0C424DD4E0F001B8D69 /* Release */ = {
			isa = XCBuildConfiguration;
			buildSettings = {
				ALWAYS_SEARCH_USER_PATHS = NO;
				CLANG_ANALYZER_NONNULL = YES;
				CLANG_ANALYZER_NUMBER_OBJECT_CONVERSION = YES_AGGRESSIVE;
				CLANG_CXX_LANGUAGE_STANDARD = "gnu++14";
				CLANG_CXX_LIBRARY = "libc++";
				CLANG_ENABLE_MODULES = YES;
				CLANG_ENABLE_OBJC_ARC = YES;
				CLANG_ENABLE_OBJC_WEAK = YES;
				CLANG_WARN_BLOCK_CAPTURE_AUTORELEASING = YES;
				CLANG_WARN_BOOL_CONVERSION = YES;
				CLANG_WARN_COMMA = YES;
				CLANG_WARN_CONSTANT_CONVERSION = YES;
				CLANG_WARN_DEPRECATED_OBJC_IMPLEMENTATIONS = YES;
				CLANG_WARN_DIRECT_OBJC_ISA_USAGE = YES_ERROR;
				CLANG_WARN_DOCUMENTATION_COMMENTS = YES;
				CLANG_WARN_EMPTY_BODY = YES;
				CLANG_WARN_ENUM_CONVERSION = YES;
				CLANG_WARN_INFINITE_RECURSION = YES;
				CLANG_WARN_INT_CONVERSION = YES;
				CLANG_WARN_NON_LITERAL_NULL_CONVERSION = YES;
				CLANG_WARN_OBJC_IMPLICIT_RETAIN_SELF = YES;
				CLANG_WARN_OBJC_LITERAL_CONVERSION = YES;
				CLANG_WARN_OBJC_ROOT_CLASS = YES_ERROR;
				CLANG_WARN_RANGE_LOOP_ANALYSIS = YES;
				CLANG_WARN_STRICT_PROTOTYPES = YES;
				CLANG_WARN_SUSPICIOUS_MOVE = YES;
				CLANG_WARN_UNGUARDED_AVAILABILITY = YES_AGGRESSIVE;
				CLANG_WARN_UNREACHABLE_CODE = YES;
				CLANG_WARN__DUPLICATE_METHOD_MATCH = YES;
				COPY_PHASE_STRIP = NO;
				DEBUG_INFORMATION_FORMAT = "dwarf-with-dsym";
				ENABLE_NS_ASSERTIONS = NO;
				ENABLE_STRICT_OBJC_MSGSEND = YES;
				GCC_C_LANGUAGE_STANDARD = gnu11;
				GCC_NO_COMMON_BLOCKS = YES;
				GCC_WARN_64_TO_32_BIT_CONVERSION = YES;
				GCC_WARN_ABOUT_RETURN_TYPE = YES_ERROR;
				GCC_WARN_UNDECLARED_SELECTOR = YES;
				GCC_WARN_UNINITIALIZED_AUTOS = YES_AGGRESSIVE;
				GCC_WARN_UNUSED_FUNCTION = YES;
				GCC_WARN_UNUSED_VARIABLE = YES;
				IPHONEOS_DEPLOYMENT_TARGET = 13.6;
				MTL_ENABLE_DEBUG_INFO = NO;
				MTL_FAST_MATH = YES;
				SDKROOT = iphoneos;
				SWIFT_COMPILATION_MODE = wholemodule;
				SWIFT_OPTIMIZATION_LEVEL = "-O";
				VALIDATE_PRODUCT = YES;
			};
			name = Release;
		};
		3FE9C0C624DD4E0F001B8D69 /* Debug */ = {
			isa = XCBuildConfiguration;
			buildSettings = {
				ASSETCATALOG_COMPILER_APPICON_NAME = AppIcon;
				CODE_SIGN_STYLE = Automatic;
				DEVELOPMENT_TEAM = G8H39BQ5UM;
				INFOPLIST_FILE = "Milestone-Project4-6/Info.plist";
				LD_RUNPATH_SEARCH_PATHS = (
					"$(inherited)",
					"@executable_path/Frameworks",
				);
				PRODUCT_BUNDLE_IDENTIFIER = "aysilsimge.Milestone-Project4-6";
				PRODUCT_NAME = "$(TARGET_NAME)";
				SWIFT_VERSION = 5.0;
				TARGETED_DEVICE_FAMILY = "1,2";
			};
			name = Debug;
		};
		3FE9C0C724DD4E0F001B8D69 /* Release */ = {
			isa = XCBuildConfiguration;
			buildSettings = {
				ASSETCATALOG_COMPILER_APPICON_NAME = AppIcon;
				CODE_SIGN_STYLE = Automatic;
				DEVELOPMENT_TEAM = G8H39BQ5UM;
				INFOPLIST_FILE = "Milestone-Project4-6/Info.plist";
				LD_RUNPATH_SEARCH_PATHS = (
					"$(inherited)",
					"@executable_path/Frameworks",
				);
				PRODUCT_BUNDLE_IDENTIFIER = "aysilsimge.Milestone-Project4-6";
				PRODUCT_NAME = "$(TARGET_NAME)";
				SWIFT_VERSION = 5.0;
				TARGETED_DEVICE_FAMILY = "1,2";
			};
			name = Release;
		};
/* End XCBuildConfiguration section */

/* Begin XCConfigurationList section */
		3FE9C0AC24DD4E0E001B8D69 /* Build configuration list for PBXProject "Milestone-Project4-6" */ = {
			isa = XCConfigurationList;
			buildConfigurations = (
				3FE9C0C324DD4E0F001B8D69 /* Debug */,
				3FE9C0C424DD4E0F001B8D69 /* Release */,
			);
			defaultConfigurationIsVisible = 0;
			defaultConfigurationName = Release;
		};
		3FE9C0C524DD4E0F001B8D69 /* Build configuration list for PBXNativeTarget "Milestone-Project4-6" */ = {
			isa = XCConfigurationList;
			buildConfigurations = (
				3FE9C0C624DD4E0F001B8D69 /* Debug */,
				3FE9C0C724DD4E0F001B8D69 /* Release */,
			);
			defaultConfigurationIsVisible = 0;
			defaultConfigurationName = Release;
		};
/* End XCConfigurationList section */
	};
	rootObject = 3FE9C0A924DD4E0E001B8D69 /* Project object */;
}
