// !$*UTF8*$!
{
	archiveVersion = 1;
	classes = {
	};
	objectVersion = 50;
	objects = {

/* Begin PBXBuildFile section */
		3FE3EAE624E54CC800DF593A /* AppDelegate.swift in Sources */ = {isa = PBXBuildFile; fileRef = 3FE3EAE524E54CC800DF593A /* AppDelegate.swift */; };
		3FE3EAEA24E54CC800DF593A /* ViewController.swift in Sources */ = {isa = PBXBuildFile; fileRef = 3FE3EAE924E54CC800DF593A /* ViewController.swift */; };
		3FE3EAED24E54CC800DF593A /* Main.storyboard in Resources */ = {isa = PBXBuildFile; fileRef = 3FE3EAEB24E54CC800DF593A /* Main.storyboard */; };
		3FE3EAEF24E54CCA00DF593A /* Assets.xcassets in Resources */ = {isa = PBXBuildFile; fileRef = 3FE3EAEE24E54CCA00DF593A /* Assets.xcassets */; };
		3FE3EAF224E54CCA00DF593A /* LaunchScreen.storyboard in Resources */ = {isa = PBXBuildFile; fileRef = 3FE3EAF024E54CCA00DF593A /* LaunchScreen.storyboard */; };
		3FE3EAFA24E54E7E00DF593A /* PersonCell.swift in Sources */ = {isa = PBXBuildFile; fileRef = 3FE3EAF924E54E7E00DF593A /* PersonCell.swift */; };
		3FE3EAFC24EA77C600DF593A /* Person.swift in Sources */ = {isa = PBXBuildFile; fileRef = 3FE3EAFB24EA77C500DF593A /* Person.swift */; };
/* End PBXBuildFile section */

/* Begin PBXFileReference section */
		3FE3EAE224E54CC800DF593A /* Project10.app */ = {isa = PBXFileReference; explicitFileType = wrapper.application; includeInIndex = 0; path = Project10.app; sourceTree = BUILT_PRODUCTS_DIR; };
		3FE3EAE524E54CC800DF593A /* AppDelegate.swift */ = {isa = PBXFileReference; lastKnownFileType = sourcecode.swift; path = AppDelegate.swift; sourceTree = "<group>"; };
		3FE3EAE924E54CC800DF593A /* ViewController.swift */ = {isa = PBXFileReference; lastKnownFileType = sourcecode.swift; path = ViewController.swift; sourceTree = "<group>"; };
		3FE3EAEC24E54CC800DF593A /* Base */ = {isa = PBXFileReference; lastKnownFileType = file.storyboard; name = Base; path = Base.lproj/Main.storyboard; sourceTree = "<group>"; };
		3FE3EAEE24E54CCA00DF593A /* Assets.xcassets */ = {isa = PBXFileReference; lastKnownFileType = folder.assetcatalog; path = Assets.xcassets; sourceTree = "<group>"; };
		3FE3EAF124E54CCA00DF593A /* Base */ = {isa = PBXFileReference; lastKnownFileType = file.storyboard; name = Base; path = Base.lproj/LaunchScreen.storyboard; sourceTree = "<group>"; };
		3FE3EAF324E54CCA00DF593A /* Info.plist */ = {isa = PBXFileReference; lastKnownFileType = text.plist.xml; path = Info.plist; sourceTree = "<group>"; };
		3FE3EAF924E54E7E00DF593A /* PersonCell.swift */ = {isa = PBXFileReference; lastKnownFileType = sourcecode.swift; path = PersonCell.swift; sourceTree = "<group>"; };
		3FE3EAFB24EA77C500DF593A /* Person.swift */ = {isa = PBXFileReference; lastKnownFileType = sourcecode.swift; path = Person.swift; sourceTree = "<group>"; };
/* End PBXFileReference section */

/* Begin PBXFrameworksBuildPhase section */
		3FE3EADF24E54CC800DF593A /* Frameworks */ = {
			isa = PBXFrameworksBuildPhase;
			buildActionMask = 2147483647;
			files = (
			);
			runOnlyForDeploymentPostprocessing = 0;
		};
/* End PBXFrameworksBuildPhase section */

/* Begin PBXGroup section */
		3FE3EAD924E54CC800DF593A = {
			isa = PBXGroup;
			children = (
				3FE3EAE424E54CC800DF593A /* Project10 */,
				3FE3EAE324E54CC800DF593A /* Products */,
			);
			sourceTree = "<group>";
		};
		3FE3EAE324E54CC800DF593A /* Products */ = {
			isa = PBXGroup;
			children = (
				3FE3EAE224E54CC800DF593A /* Project10.app */,
			);
			name = Products;
			sourceTree = "<group>";
		};
		3FE3EAE424E54CC800DF593A /* Project10 */ = {
			isa = PBXGroup;
			children = (
				3FE3EAE524E54CC800DF593A /* AppDelegate.swift */,
				3FE3EAE924E54CC800DF593A /* ViewController.swift */,
				3FE3EAFB24EA77C500DF593A /* Person.swift */,
				3FE3EAF924E54E7E00DF593A /* PersonCell.swift */,
				3FE3EAEB24E54CC800DF593A /* Main.storyboard */,
				3FE3EAEE24E54CCA00DF593A /* Assets.xcassets */,
				3FE3EAF024E54CCA00DF593A /* LaunchScreen.storyboard */,
				3FE3EAF324E54CCA00DF593A /* Info.plist */,
			);
			path = Project10;
			sourceTree = "<group>";
		};
/* End PBXGroup section */

/* Begin PBXNativeTarget section */
		3FE3EAE124E54CC800DF593A /* Project10 */ = {
			isa = PBXNativeTarget;
			buildConfigurationList = 3FE3EAF624E54CCA00DF593A /* Build configuration list for PBXNativeTarget "Project10" */;
			buildPhases = (
				3FE3EADE24E54CC800DF593A /* Sources */,
				3FE3EADF24E54CC800DF593A /* Frameworks */,
				3FE3EAE024E54CC800DF593A /* Resources */,
			);
			buildRules = (
			);
			dependencies = (
			);
			name = Project10;
			productName = Project10;
			productReference = 3FE3EAE224E54CC800DF593A /* Project10.app */;
			productType = "com.apple.product-type.application";
		};
/* End PBXNativeTarget section */

/* Begin PBXProject section */
		3FE3EADA24E54CC800DF593A /* Project object */ = {
			isa = PBXProject;
			attributes = {
				LastSwiftUpdateCheck = 1160;
				LastUpgradeCheck = 1160;
				ORGANIZATIONNAME = "Ayşıl Simge Karacan";
				TargetAttributes = {
					3FE3EAE124E54CC800DF593A = {
						CreatedOnToolsVersion = 11.6;
					};
				};
			};
			buildConfigurationList = 3FE3EADD24E54CC800DF593A /* Build configuration list for PBXProject "Project10" */;
			compatibilityVersion = "Xcode 9.3";
			developmentRegion = en;
			hasScannedForEncodings = 0;
			knownRegions = (
				en,
				Base,
			);
			mainGroup = 3FE3EAD924E54CC800DF593A;
			productRefGroup = 3FE3EAE324E54CC800DF593A /* Products */;
			projectDirPath = "";
			projectRoot = "";
			targets = (
				3FE3EAE124E54CC800DF593A /* Project10 */,
			);
		};
/* End PBXProject section */

/* Begin PBXResourcesBuildPhase section */
		3FE3EAE024E54CC800DF593A /* Resources */ = {
			isa = PBXResourcesBuildPhase;
			buildActionMask = 2147483647;
			files = (
				3FE3EAF224E54CCA00DF593A /* LaunchScreen.storyboard in Resources */,
				3FE3EAEF24E54CCA00DF593A /* Assets.xcassets in Resources */,
				3FE3EAED24E54CC800DF593A /* Main.storyboard in Resources */,
			);
			runOnlyForDeploymentPostprocessing = 0;
		};
/* End PBXResourcesBuildPhase section */

/* Begin PBXSourcesBuildPhase section */
		3FE3EADE24E54CC800DF593A /* Sources */ = {
			isa = PBXSourcesBuildPhase;
			buildActionMask = 2147483647;
			files = (
				3FE3EAFC24EA77C600DF593A /* Person.swift in Sources */,
				3FE3EAEA24E54CC800DF593A /* ViewController.swift in Sources */,
				3FE3EAE624E54CC800DF593A /* AppDelegate.swift in Sources */,
				3FE3EAFA24E54E7E00DF593A /* PersonCell.swift in Sources */,
			);
			runOnlyForDeploymentPostprocessing = 0;
		};
/* End PBXSourcesBuildPhase section */

/* Begin PBXVariantGroup section */
		3FE3EAEB24E54CC800DF593A /* Main.storyboard */ = {
			isa = PBXVariantGroup;
			children = (
				3FE3EAEC24E54CC800DF593A /* Base */,
			);
			name = Main.storyboard;
			sourceTree = "<group>";
		};
		3FE3EAF024E54CCA00DF593A /* LaunchScreen.storyboard */ = {
			isa = PBXVariantGroup;
			children = (
				3FE3EAF124E54CCA00DF593A /* Base */,
			);
			name = LaunchScreen.storyboard;
			sourceTree = "<group>";
		};
/* End PBXVariantGroup section */

/* Begin XCBuildConfiguration section */
		3FE3EAF424E54CCA00DF593A /* Debug */ = {
			isa = XCBuildConfiguration;
			buildSettings = {
				ALWAYS_SEARCH_USER_PATHS = NO;
				CLANG_ANALYZER_NONNULL = YES;
				CLANG_ANALYZER_NUMBER_OBJECT_CONVERSION = YES_AGGRESSIVE;
				CLANG_CXX_LANGUAGE_STANDARD = "gnu++14";
				CLANG_CXX_LIBRARY = "libc++";
				CLANG_ENABLE_MODULES = YES;
				CLANG_ENABLE_OBJC_ARC = YES;
				CLANG_ENABLE_OBJC_WEAK = YES;
				CLANG_WARN_BLOCK_CAPTURE_AUTORELEASING = YES;
				CLANG_WARN_BOOL_CONVERSION = YES;
				CLANG_WARN_COMMA = YES;
				CLANG_WARN_CONSTANT_CONVERSION = YES;
				CLANG_WARN_DEPRECATED_OBJC_IMPLEMENTATIONS = YES;
				CLANG_WARN_DIRECT_OBJC_ISA_USAGE = YES_ERROR;
				CLANG_WARN_DOCUMENTATION_COMMENTS = YES;
				CLANG_WARN_EMPTY_BODY = YES;
				CLANG_WARN_ENUM_CONVERSION = YES;
				CLANG_WARN_INFINITE_RECURSION = YES;
				CLANG_WARN_INT_CONVERSION = YES;
				CLANG_WARN_NON_LITERAL_NULL_CONVERSION = YES;
				CLANG_WARN_OBJC_IMPLICIT_RETAIN_SELF = YES;
				CLANG_WARN_OBJC_LITERAL_CONVERSION = YES;
				CLANG_WARN_OBJC_ROOT_CLASS = YES_ERROR;
				CLANG_WARN_RANGE_LOOP_ANALYSIS = YES;
				CLANG_WARN_STRICT_PROTOTYPES = YES;
				CLANG_WARN_SUSPICIOUS_MOVE = YES;
				CLANG_WARN_UNGUARDED_AVAILABILITY = YES_AGGRESSIVE;
				CLANG_WARN_UNREACHABLE_CODE = YES;
				CLANG_WARN__DUPLICATE_METHOD_MATCH = YES;
				COPY_PHASE_STRIP = NO;
				DEBUG_INFORMATION_FORMAT = dwarf;
				ENABLE_STRICT_OBJC_MSGSEND = YES;
				ENABLE_TESTABILITY = YES;
				GCC_C_LANGUAGE_STANDARD = gnu11;
				GCC_DYNAMIC_NO_PIC = NO;
				GCC_NO_COMMON_BLOCKS = YES;
				GCC_OPTIMIZATION_LEVEL = 0;
				GCC_PREPROCESSOR_DEFINITIONS = (
					"DEBUG=1",
					"$(inherited)",
				);
				GCC_WARN_64_TO_32_BIT_CONVERSION = YES;
				GCC_WARN_ABOUT_RETURN_TYPE = YES_ERROR;
				GCC_WARN_UNDECLARED_SELECTOR = YES;
				GCC_WARN_UNINITIALIZED_AUTOS = YES_AGGRESSIVE;
				GCC_WARN_UNUSED_FUNCTION = YES;
				GCC_WARN_UNUSED_VARIABLE = YES;
				IPHONEOS_DEPLOYMENT_TARGET = 13.6;
				MTL_ENABLE_DEBUG_INFO = INCLUDE_SOURCE;
				MTL_FAST_MATH = YES;
				ONLY_ACTIVE_ARCH = YES;
				SDKROOT = iphoneos;
				SWIFT_ACTIVE_COMPILATION_CONDITIONS = DEBUG;
				SWIFT_OPTIMIZATION_LEVEL = "-Onone";
			};
			name = Debug;
		};
		3FE3EAF524E54CCA00DF593A /* Release */ = {
			isa = XCBuildConfiguration;
			buildSettings = {
				ALWAYS_SEARCH_USER_PATHS = NO;
				CLANG_ANALYZER_NONNULL = YES;
				CLANG_ANALYZER_NUMBER_OBJECT_CONVERSION = YES_AGGRESSIVE;
				CLANG_CXX_LANGUAGE_STANDARD = "gnu++14";
				CLANG_CXX_LIBRARY = "libc++";
				CLANG_ENABLE_MODULES = YES;
				CLANG_ENABLE_OBJC_ARC = YES;
				CLANG_ENABLE_OBJC_WEAK = YES;
				CLANG_WARN_BLOCK_CAPTURE_AUTORELEASING = YES;
				CLANG_WARN_BOOL_CONVERSION = YES;
				CLANG_WARN_COMMA = YES;
				CLANG_WARN_CONSTANT_CONVERSION = YES;
				CLANG_WARN_DEPRECATED_OBJC_IMPLEMENTATIONS = YES;
				CLANG_WARN_DIRECT_OBJC_ISA_USAGE = YES_ERROR;
				CLANG_WARN_DOCUMENTATION_COMMENTS = YES;
				CLANG_WARN_EMPTY_BODY = YES;
				CLANG_WARN_ENUM_CONVERSION = YES;
				CLANG_WARN_INFINITE_RECURSION = YES;
				CLANG_WARN_INT_CONVERSION = YES;
				CLANG_WARN_NON_LITERAL_NULL_CONVERSION = YES;
				CLANG_WARN_OBJC_IMPLICIT_RETAIN_SELF = YES;
				CLANG_WARN_OBJC_LITERAL_CONVERSION = YES;
				CLANG_WARN_OBJC_ROOT_CLASS = YES_ERROR;
				CLANG_WARN_RANGE_LOOP_ANALYSIS = YES;
				CLANG_WARN_STRICT_PROTOTYPES = YES;
				CLANG_WARN_SUSPICIOUS_MOVE = YES;
				CLANG_WARN_UNGUARDED_AVAILABILITY = YES_AGGRESSIVE;
				CLANG_WARN_UNREACHABLE_CODE = YES;
				CLANG_WARN__DUPLICATE_METHOD_MATCH = YES;
				COPY_PHASE_STRIP = NO;
				DEBUG_INFORMATION_FORMAT = "dwarf-with-dsym";
				ENABLE_NS_ASSERTIONS = NO;
				ENABLE_STRICT_OBJC_MSGSEND = YES;
				GCC_C_LANGUAGE_STANDARD = gnu11;
				GCC_NO_COMMON_BLOCKS = YES;
				GCC_WARN_64_TO_32_BIT_CONVERSION = YES;
				GCC_WARN_ABOUT_RETURN_TYPE = YES_ERROR;
				GCC_WARN_UNDECLARED_SELECTOR = YES;
				GCC_WARN_UNINITIALIZED_AUTOS = YES_AGGRESSIVE;
				GCC_WARN_UNUSED_FUNCTION = YES;
				GCC_WARN_UNUSED_VARIABLE = YES;
				IPHONEOS_DEPLOYMENT_TARGET = 13.6;
				MTL_ENABLE_DEBUG_INFO = NO;
				MTL_FAST_MATH = YES;
				SDKROOT = iphoneos;
				SWIFT_COMPILATION_MODE = wholemodule;
				SWIFT_OPTIMIZATION_LEVEL = "-O";
				VALIDATE_PRODUCT = YES;
			};
			name = Release;
		};
		3FE3EAF724E54CCA00DF593A /* Debug */ = {
			isa = XCBuildConfiguration;
			buildSettings = {
				ASSETCATALOG_COMPILER_APPICON_NAME = AppIcon;
				CODE_SIGN_STYLE = Automatic;
				DEVELOPMENT_TEAM = G8H39BQ5UM;
				INFOPLIST_FILE = Project10/Info.plist;
				LD_RUNPATH_SEARCH_PATHS = (
					"$(inherited)",
					"@executable_path/Frameworks",
				);
				PRODUCT_BUNDLE_IDENTIFIER = aysilsimge.Project10;
				PRODUCT_NAME = "$(TARGET_NAME)";
				SWIFT_VERSION = 5.0;
				TARGETED_DEVICE_FAMILY = "1,2";
			};
			name = Debug;
		};
		3FE3EAF824E54CCA00DF593A /* Release */ = {
			isa = XCBuildConfiguration;
			buildSettings = {
				ASSETCATALOG_COMPILER_APPICON_NAME = AppIcon;
				CODE_SIGN_STYLE = Automatic;
				DEVELOPMENT_TEAM = G8H39BQ5UM;
				INFOPLIST_FILE = Project10/Info.plist;
				LD_RUNPATH_SEARCH_PATHS = (
					"$(inherited)",
					"@executable_path/Frameworks",
				);
				PRODUCT_BUNDLE_IDENTIFIER = aysilsimge.Project10;
				PRODUCT_NAME = "$(TARGET_NAME)";
				SWIFT_VERSION = 5.0;
				TARGETED_DEVICE_FAMILY = "1,2";
			};
			name = Release;
		};
/* End XCBuildConfiguration section */

/* Begin XCConfigurationList section */
		3FE3EADD24E54CC800DF593A /* Build configuration list for PBXProject "Project10" */ = {
			isa = XCConfigurationList;
			buildConfigurations = (
				3FE3EAF424E54CCA00DF593A /* Debug */,
				3FE3EAF524E54CCA00DF593A /* Release */,
			);
			defaultConfigurationIsVisible = 0;
			defaultConfigurationName = Release;
		};
		3FE3EAF624E54CCA00DF593A /* Build configuration list for PBXNativeTarget "Project10" */ = {
			isa = XCConfigurationList;
			buildConfigurations = (
				3FE3EAF724E54CCA00DF593A /* Debug */,
				3FE3EAF824E54CCA00DF593A /* Release */,
			);
			defaultConfigurationIsVisible = 0;
			defaultConfigurationName = Release;
		};
/* End XCConfigurationList section */
	};
	rootObject = 3FE3EADA24E54CC800DF593A /* Project object */;
}
